
Microsoft Visual Studio Solution File, Format Version 12.00
# Visual Studio Version 17
VisualStudioVersion = 17.0.31919.166
MinimumVisualStudioVersion = 10.0.40219.1
Project("{FAE04EC0-301F-11D3-BF4B-00C04F79EFBC}") = "TedLiu.Demo1", "TedLiu.Demo1\TedLiu.Demo1.csproj", "{ABAE12B1-3B00-4684-8A37-2787CD84E701}"
EndProject
Global
	GlobalSection(SolutionConfigurationPlatforms) = preSolution
		Debug|Any CPU = Debug|Any CPU
		Release|Any CPU = Release|Any CPU
	EndGlobalSection
	GlobalSection(ProjectConfigurationPlatforms) = postSolution
		{ABAE12B1-3B00-4684-8A37-2787CD84E701}.Debug|Any CPU.ActiveCfg = Debug|Any CPU
		{ABAE12B1-3B00-4684-8A37-2787CD84E701}.Debug|Any CPU.Build.0 = Debug|Any CPU
		{ABAE12B1-3B00-4684-8A37-2787CD84E701}.Release|Any CPU.ActiveCfg = Release|Any CPU
		{ABAE12B1-3B00-4684-8A37-2787CD84E701}.Release|Any CPU.Build.0 = Release|Any CPU
	EndGlobalSection
	GlobalSection(SolutionProperties) = preSolution
		HideSolutionNode = FALSE
	EndGlobalSection
	GlobalSection(ExtensibilityGlobals) = postSolution
		SolutionGuid = {B99C4B94-FB68-4825-BDE2-842CE0128197}
	EndGlobalSection
EndGlobal
